# This file is automatically @generated by Cargo.
# It is not intended for manual editing.
version = 3

[[package]]
name = "base85"
version = "1.1.1"
source = "registry+https://github.com/rust-lang/crates.io-index"
checksum = "88b68cde48c539cf9db81c5598e215dc32d0401a167f899cf26e35f61815eb9e"

[[package]]
name = "midterms"
version = "0.1.0"
dependencies = [
 "base85",
]
